Microsoft Visual Studio Solution File, Format Version 11.00
# Visual Studio 2008

Project("{3C6476A1-CB2F-9839-F3CE-DEACDA73F7AF}") = "Epic Elementary", "Assembly-CSharp-firstpass.csproj", "{BB6BB04B-5E0F-DB47-170B-73F37C4F478C}"
EndProject
Project("{3C6476A1-CB2F-9839-F3CE-DEACDA73F7AF}") = "Epic Elementary", "Assembly-CSharp.csproj", "{E46E9365-73AF-AF4C-7AA0-D0155EE682D1}"
EndProject
Project("{3C6476A1-CB2F-9839-F3CE-DEACDA73F7AF}") = "Epic Elementary", "Assembly-CSharp-Editor.csproj", "{B506DBAF-ECEF-9B08-373D-AA3D143035A3}"
EndProject
Global
	GlobalSection(SolutionConfigurationPlatforms) = preSolution
		Debug|Any CPU = Debug|Any CPU
		Release|Any CPU = Release|Any CPU
	EndGlobalSection
	GlobalSection(ProjectConfigurationPlatforms) = postSolution
		{BB6BB04B-5E0F-DB47-170B-73F37C4F478C}.Debug|Any CPU.ActiveCfg = Debug|Any CPU
		{BB6BB04B-5E0F-DB47-170B-73F37C4F478C}.Debug|Any CPU.Build.0 = Debug|Any CPU
		{BB6BB04B-5E0F-DB47-170B-73F37C4F478C}.Release|Any CPU.ActiveCfg = Release|Any CPU
		{BB6BB04B-5E0F-DB47-170B-73F37C4F478C}.Release|Any CPU.Build.0 = Release|Any CPU
		{E46E9365-73AF-AF4C-7AA0-D0155EE682D1}.Debug|Any CPU.ActiveCfg = Debug|Any CPU
		{E46E9365-73AF-AF4C-7AA0-D0155EE682D1}.Debug|Any CPU.Build.0 = Debug|Any CPU
		{E46E9365-73AF-AF4C-7AA0-D0155EE682D1}.Release|Any CPU.ActiveCfg = Release|Any CPU
		{E46E9365-73AF-AF4C-7AA0-D0155EE682D1}.Release|Any CPU.Build.0 = Release|Any CPU
		{B506DBAF-ECEF-9B08-373D-AA3D143035A3}.Debug|Any CPU.ActiveCfg = Debug|Any CPU
		{B506DBAF-ECEF-9B08-373D-AA3D143035A3}.Debug|Any CPU.Build.0 = Debug|Any CPU
		{B506DBAF-ECEF-9B08-373D-AA3D143035A3}.Release|Any CPU.ActiveCfg = Release|Any CPU
		{B506DBAF-ECEF-9B08-373D-AA3D143035A3}.Release|Any CPU.Build.0 = Release|Any CPU
	EndGlobalSection
	GlobalSection(SolutionProperties) = preSolution
		HideSolutionNode = FALSE
	EndGlobalSection
	GlobalSection(MonoDevelopProperties) = preSolution
		StartupItem = Assembly-CSharp.csproj
	EndGlobalSection
EndGlobal
