
Microsoft Visual Studio Solution File, Format Version 12.00
# Visual Studio 2015
Project("{FAE04EC0-301F-11D3-BF4B-00C04F79EFBC}") = "Epic Elementary.CSharp.Plugins", "Epic Elementary.CSharp.Plugins.csproj", "{FE7494F3-46E6-D8FC-49BC-D21956A99CD6}"
EndProject
Project("{FAE04EC0-301F-11D3-BF4B-00C04F79EFBC}") = "Epic Elementary.CSharp", "Epic Elementary.CSharp.csproj", "{198FA210-C2CB-7A52-18E8-4C41D257C379}"
EndProject
Project("{FAE04EC0-301F-11D3-BF4B-00C04F79EFBC}") = "Epic Elementary.CSharp.Editor", "Epic Elementary.CSharp.Editor.csproj", "{A2ACD246-BD4C-E433-30E5-061AFB408F5C}"
EndProject
Global
	GlobalSection(SolutionConfigurationPlatforms) = preSolution
		Debug|Any CPU = Debug|Any CPU
		Release|Any CPU = Release|Any CPU
	EndGlobalSection
	GlobalSection(ProjectConfigurationPlatforms) = postSolution
		{FE7494F3-46E6-D8FC-49BC-D21956A99CD6}.Debug|Any CPU.ActiveCfg = Debug|Any CPU
		{FE7494F3-46E6-D8FC-49BC-D21956A99CD6}.Debug|Any CPU.Build.0 = Debug|Any CPU
		{FE7494F3-46E6-D8FC-49BC-D21956A99CD6}.Release|Any CPU.ActiveCfg = Release|Any CPU
		{FE7494F3-46E6-D8FC-49BC-D21956A99CD6}.Release|Any CPU.Build.0 = Release|Any CPU
		{198FA210-C2CB-7A52-18E8-4C41D257C379}.Debug|Any CPU.ActiveCfg = Debug|Any CPU
		{198FA210-C2CB-7A52-18E8-4C41D257C379}.Debug|Any CPU.Build.0 = Debug|Any CPU
		{198FA210-C2CB-7A52-18E8-4C41D257C379}.Release|Any CPU.ActiveCfg = Release|Any CPU
		{198FA210-C2CB-7A52-18E8-4C41D257C379}.Release|Any CPU.Build.0 = Release|Any CPU
		{A2ACD246-BD4C-E433-30E5-061AFB408F5C}.Debug|Any CPU.ActiveCfg = Debug|Any CPU
		{A2ACD246-BD4C-E433-30E5-061AFB408F5C}.Debug|Any CPU.Build.0 = Debug|Any CPU
		{A2ACD246-BD4C-E433-30E5-061AFB408F5C}.Release|Any CPU.ActiveCfg = Release|Any CPU
		{A2ACD246-BD4C-E433-30E5-061AFB408F5C}.Release|Any CPU.Build.0 = Release|Any CPU
	EndGlobalSection
	GlobalSection(SolutionProperties) = preSolution
		HideSolutionNode = FALSE
	EndGlobalSection
EndGlobal
